
Microsoft Visual Studio Solution File, Format Version 12.00
# Visual Studio Version 17
VisualStudioVersion = 17.1.32228.430
MinimumVisualStudioVersion = 10.0.40219.1
Project("{FAE04EC0-301F-11D3-BF4B-00C04F79EFBC}") = "proyecto2", "proyecto2\proyecto2.csproj", "{FC17D67B-D35B-4633-9842-DC9C28FD499D}"
EndProject
Global
	GlobalSection(SolutionConfigurationPlatforms) = preSolution
		Debug|Any CPU = Debug|Any CPU
		Release|Any CPU = Release|Any CPU
	EndGlobalSection
	GlobalSection(ProjectConfigurationPlatforms) = postSolution
		{FC17D67B-D35B-4633-9842-DC9C28FD499D}.Debug|Any CPU.ActiveCfg = Debug|Any CPU
		{FC17D67B-D35B-4633-9842-DC9C28FD499D}.Debug|Any CPU.Build.0 = Debug|Any CPU
		{FC17D67B-D35B-4633-9842-DC9C28FD499D}.Release|Any CPU.ActiveCfg = Release|Any CPU
		{FC17D67B-D35B-4633-9842-DC9C28FD499D}.Release|Any CPU.Build.0 = Release|Any CPU
	EndGlobalSection
	GlobalSection(SolutionProperties) = preSolution
		HideSolutionNode = FALSE
	EndGlobalSection
	GlobalSection(ExtensibilityGlobals) = postSolution
		SolutionGuid = {07386DFF-F596-4014-A438-AEEC9DBEB918}
	EndGlobalSection
EndGlobal
